
Microsoft Visual Studio Solution File, Format Version 12.00
# Visual Studio 15
VisualStudioVersion = 15.0.28307.779
MinimumVisualStudioVersion = 10.0.40219.1
Project("{FAE04EC0-301F-11D3-BF4B-00C04F79EFBC}") = "Diplom", "Diplom\Diplom.csproj", "{B1BE5826-1107-4243-8ACD-CB8F5A21D0BC}"
EndProject
Global
	GlobalSection(SolutionConfigurationPlatforms) = preSolution
		Debug|Any CPU = Debug|Any CPU
		Release|Any CPU = Release|Any CPU
	EndGlobalSection
	GlobalSection(ProjectConfigurationPlatforms) = postSolution
		{B1BE5826-1107-4243-8ACD-CB8F5A21D0BC}.Debug|Any CPU.ActiveCfg = Debug|Any CPU
		{B1BE5826-1107-4243-8ACD-CB8F5A21D0BC}.Debug|Any CPU.Build.0 = Debug|Any CPU
		{B1BE5826-1107-4243-8ACD-CB8F5A21D0BC}.Release|Any CPU.ActiveCfg = Release|Any CPU
		{B1BE5826-1107-4243-8ACD-CB8F5A21D0BC}.Release|Any CPU.Build.0 = Release|Any CPU
	EndGlobalSection
	GlobalSection(SolutionProperties) = preSolution
		HideSolutionNode = FALSE
	EndGlobalSection
	GlobalSection(ExtensibilityGlobals) = postSolution
		SolutionGuid = {76870C83-5934-477F-89CD-5EA0F3644FB2}
	EndGlobalSection
EndGlobal
